
Microsoft Visual Studio Solution File, Format Version 12.00
# Visual Studio Version 16
VisualStudioVersion = 16.0.29613.14
MinimumVisualStudioVersion = 10.0.40219.1
Project("{FAE04EC0-301F-11D3-BF4B-00C04F79EFBC}") = "MonitoringSite", "MonitoringSite\MonitoringSite.csproj", "{10B895C9-4772-4457-96FD-A6B2C7F9F4A9}"
EndProject
Global
	GlobalSection(SolutionConfigurationPlatforms) = preSolution
		Debug|Any CPU = Debug|Any CPU
		Release|Any CPU = Release|Any CPU
	EndGlobalSection
	GlobalSection(ProjectConfigurationPlatforms) = postSolution
		{10B895C9-4772-4457-96FD-A6B2C7F9F4A9}.Debug|Any CPU.ActiveCfg = Debug|Any CPU
		{10B895C9-4772-4457-96FD-A6B2C7F9F4A9}.Debug|Any CPU.Build.0 = Debug|Any CPU
		{10B895C9-4772-4457-96FD-A6B2C7F9F4A9}.Release|Any CPU.ActiveCfg = Release|Any CPU
		{10B895C9-4772-4457-96FD-A6B2C7F9F4A9}.Release|Any CPU.Build.0 = Release|Any CPU
	EndGlobalSection
	GlobalSection(SolutionProperties) = preSolution
		HideSolutionNode = FALSE
	EndGlobalSection
	GlobalSection(ExtensibilityGlobals) = postSolution
		SolutionGuid = {9B5FC539-C67B-4B1F-839E-97B6A025B08E}
	EndGlobalSection
EndGlobal
